{
  "nodes": {
    "david-config": {
      "flake": false,
      "locked": {
        "lastModified": 1566658890,
        "narHash": "sha256-LqJj1Lf77P31cw+3cllWB5Ec1UdB2RPmD1Ttn+bhwTY=",
        "owner": "DeltaEvo",
        "repo": ".config",
        "rev": "770b6c1b3c8ca3fef8683deaebeb65d0de388f80",
        "type": "github"
      },
      "original": {
        "owner": "DeltaEvo",
        "repo": ".config",
        "type": "github"
      }
    },
    "deploy-rs": {
      "inputs": {
        "flake-compat": "flake-compat",
        "naersk": "naersk",
        "nixpkgs": "nixpkgs",
        "utils": "utils"
      },
      "locked": {
        "lastModified": 1628068208,
        "narHash": "sha256-akJBkj6os4bjO1drhketJvXNC21yPuy4ufL2pyius4M=",
        "owner": "serokell",
        "repo": "deploy-rs",
        "rev": "d72174307d5b88ec24cc2e69e875228fe3d642ed",
        "type": "github"
      },
      "original": {
        "owner": "serokell",
        "repo": "deploy-rs",
        "type": "github"
      }
    },
    "flake-compat": {
      "flake": false,
      "locked": {
        "lastModified": 1606424373,
        "narHash": "sha256-oq8d4//CJOrVj+EcOaSXvMebvuTkmBJuT5tzlfewUnQ=",
        "owner": "edolstra",
        "repo": "flake-compat",
        "rev": "99f1c2157fba4bfe6211a321fd0ee43199025dbf",
        "type": "github"
      },
      "original": {
        "owner": "edolstra",
        "repo": "flake-compat",
        "type": "github"
      }
    },
    "home-manager": {
      "inputs": {
        "nixpkgs": [
          "nixpkgs"
        ]
      },
      "locked": {
        "lastModified": 1600023128,
        "narHash": "sha256-oSkMOe0rQ90bC5pfNSl85ren05cmk9Z9xrzrf5rVbr0=",
        "owner": "nix-community",
        "repo": "home-manager",
        "rev": "472ca211cac604efdf621337067a237be9df389e",
        "type": "github"
      },
      "original": {
        "owner": "nix-community",
        "repo": "home-manager",
        "type": "github"
      }
    },
    "naersk": {
      "inputs": {
        "nixpkgs": [
          "nixpkgs"
        ]
      },
      "locked": {
        "lastModified": 1622810282,
        "narHash": "sha256-4wmvM3/xfD0hCdNDIXVzRMfL4yB1J+DjH6Zte2xbAxk=",
        "owner": "nmattia",
        "repo": "naersk",
        "rev": "e8061169e1495871b56be97c5c51d310fae01374",
        "type": "github"
      },
      "original": {
        "owner": "nmattia",
        "ref": "master",
        "repo": "naersk",
        "type": "github"
      }
    },
    "nixpkgs": {
      "locked": {
        "lastModified": 1622972307,
        "narHash": "sha256-ENOu0FPCf95iLLoq2txhJtnA2ZpOFhIVBqQVbKM8ra0=",
        "owner": "NixOS",
        "repo": "nixpkgs",
        "rev": "d8eb97e3801bde96491535f40483d550b57605b9",
        "type": "github"
      },
      "original": {
        "owner": "NixOS",
        "ref": "nixpkgs-unstable",
        "repo": "nixpkgs",
        "type": "github"
      }
    },
    "nixpkgs_2": {
      "locked": {
        "lastModified": 1610308958,
        "narHash": "sha256-PCqiZdw6vw7z0o8qELsvbPqvljjfmtNFVl3BXleLi64=",
        "owner": "NixOS",
        "repo": "nixpkgs",
        "rev": "41dddb1283733c4993cb6be9573d5cef937c1375",
        "type": "github"
      },
      "original": {
        "owner": "NixOS",
        "ref": "nixos-20.09",
        "repo": "nixpkgs",
        "type": "github"
      }
    },
    "nixpkgs_unstable": {
      "locked": {
        "lastModified": 1599858719,
        "narHash": "sha256-CwcBj3hB5+xdAQigGDTTTynubj+fAFLEr2vXtrKLytI=",
        "owner": "NixOS",
        "repo": "nixpkgs",
        "rev": "e0759a49733dfc3aa225b8a7423c00da6e1ecb67",
        "type": "github"
      },
      "original": {
        "owner": "NixOS",
        "ref": "nixos-unstable",
        "repo": "nixpkgs",
        "type": "github"
      }
    },
    "root": {
      "inputs": {
        "david-config": "david-config",
        "deploy-rs": "deploy-rs",
        "home-manager": "home-manager",
        "nixpkgs": "nixpkgs_2",
        "nixpkgs_unstable": "nixpkgs_unstable"
      }
    },
    "utils": {
      "locked": {
        "lastModified": 1622445595,
        "narHash": "sha256-m+JRe6Wc5OZ/mKw2bB3+Tl0ZbtyxxxfnAWln8Q5qs+Y=",
        "owner": "numtide",
        "repo": "flake-utils",
        "rev": "7d706970d94bc5559077eb1a6600afddcd25a7c8",
        "type": "github"
      },
      "original": {
        "owner": "numtide",
        "repo": "flake-utils",
        "type": "github"
      }
    }
  },
  "root": "root",
  "version": 7
}
