{
  "nodes": {
    "david-config": {
      "flake": false,
      "locked": {
        "lastModified": 1566658890,
        "narHash": "sha256-LqJj1Lf77P31cw+3cllWB5Ec1UdB2RPmD1Ttn+bhwTY=",
        "owner": "DeltaEvo",
        "repo": ".config",
        "rev": "770b6c1b3c8ca3fef8683deaebeb65d0de388f80",
        "type": "github"
      },
      "original": {
        "owner": "DeltaEvo",
        "repo": ".config",
        "type": "github"
      }
    },
    "home-manager": {
      "inputs": {
        "nixpkgs": [
          "nixpkgs"
        ]
      },
      "locked": {
        "lastModified": 1600023128,
        "narHash": "sha256-oSkMOe0rQ90bC5pfNSl85ren05cmk9Z9xrzrf5rVbr0=",
        "owner": "nix-community",
        "repo": "home-manager",
        "rev": "472ca211cac604efdf621337067a237be9df389e",
        "type": "github"
      },
      "original": {
        "owner": "nix-community",
        "repo": "home-manager",
        "type": "github"
      }
    },
    "nixpkgs": {
      "locked": {
        "lastModified": 1610308958,
        "narHash": "sha256-PCqiZdw6vw7z0o8qELsvbPqvljjfmtNFVl3BXleLi64=",
        "owner": "NixOS",
        "repo": "nixpkgs",
        "rev": "41dddb1283733c4993cb6be9573d5cef937c1375",
        "type": "github"
      },
      "original": {
        "owner": "NixOS",
        "ref": "nixos-20.09",
        "repo": "nixpkgs",
        "type": "github"
      }
    },
    "nixpkgs_unstable": {
      "locked": {
        "lastModified": 1599858719,
        "narHash": "sha256-CwcBj3hB5+xdAQigGDTTTynubj+fAFLEr2vXtrKLytI=",
        "owner": "NixOS",
        "repo": "nixpkgs",
        "rev": "e0759a49733dfc3aa225b8a7423c00da6e1ecb67",
        "type": "github"
      },
      "original": {
        "owner": "NixOS",
        "ref": "nixos-unstable",
        "repo": "nixpkgs",
        "type": "github"
      }
    },
    "root": {
      "inputs": {
        "david-config": "david-config",
        "home-manager": "home-manager",
        "nixpkgs": "nixpkgs",
        "nixpkgs_unstable": "nixpkgs_unstable"
      }
    }
  },
  "root": "root",
  "version": 7
}
